
Microsoft Visual Studio Solution File, Format Version 12.00
# Visual Studio Version 17
VisualStudioVersion = 17.5.002.0
MinimumVisualStudioVersion = 10.0.40219.1
Project("{2150E333-8FDC-42A3-9474-1A3956D46DE8}") = "apps", "apps", "{AE2B7931-6E22-4C0A-960B-CB77DEB92125}"
EndProject
Project("{9A19103F-16F7-4668-BE54-9A1E7A4F7556}") = "KanbanApp.MyApi", "apps\my-api\KanbanApp.MyApi.csproj", "{D1035434-D1E8-4DA9-9C94-093B13ACF9AF}"
EndProject
Project("{9A19103F-16F7-4668-BE54-9A1E7A4F7556}") = "KanbanApp.MyApi.Test", "apps\my-api-test\KanbanApp.MyApi.Test.csproj", "{E8129C73-DEE5-4DAD-A508-ED41A376A3A7}"
EndProject
Global
	GlobalSection(SolutionConfigurationPlatforms) = preSolution
		Debug|Any CPU = Debug|Any CPU
		Release|Any CPU = Release|Any CPU
	EndGlobalSection
	GlobalSection(ProjectConfigurationPlatforms) = postSolution
		{D1035434-D1E8-4DA9-9C94-093B13ACF9AF}.Debug|Any CPU.ActiveCfg = Debug|Any CPU
		{D1035434-D1E8-4DA9-9C94-093B13ACF9AF}.Debug|Any CPU.Build.0 = Debug|Any CPU
		{D1035434-D1E8-4DA9-9C94-093B13ACF9AF}.Release|Any CPU.ActiveCfg = Release|Any CPU
		{D1035434-D1E8-4DA9-9C94-093B13ACF9AF}.Release|Any CPU.Build.0 = Release|Any CPU
		{E8129C73-DEE5-4DAD-A508-ED41A376A3A7}.Debug|Any CPU.ActiveCfg = Debug|Any CPU
		{E8129C73-DEE5-4DAD-A508-ED41A376A3A7}.Debug|Any CPU.Build.0 = Debug|Any CPU
		{E8129C73-DEE5-4DAD-A508-ED41A376A3A7}.Release|Any CPU.ActiveCfg = Release|Any CPU
		{E8129C73-DEE5-4DAD-A508-ED41A376A3A7}.Release|Any CPU.Build.0 = Release|Any CPU
	EndGlobalSection
	GlobalSection(SolutionProperties) = preSolution
		HideSolutionNode = FALSE
	EndGlobalSection
	GlobalSection(NestedProjects) = preSolution
		{D1035434-D1E8-4DA9-9C94-093B13ACF9AF} = {AE2B7931-6E22-4C0A-960B-CB77DEB92125}
		{E8129C73-DEE5-4DAD-A508-ED41A376A3A7} = {AE2B7931-6E22-4C0A-960B-CB77DEB92125}
	EndGlobalSection
	GlobalSection(ExtensibilityGlobals) = postSolution
		SolutionGuid = {D6B78D68-F293-4A87-8753-E3D399EE4C52}
	EndGlobalSection
EndGlobal
